
Microsoft Visual Studio Solution File, Format Version 12.00
# Visual Studio Version 16
VisualStudioVersion = 16.0.30907.101
MinimumVisualStudioVersion = 10.0.40219.1
Project("{FAE04EC0-301F-11D3-BF4B-00C04F79EFBC}") = "CalculatorApp", "CalculatorApp.csproj", "{6B09DFFE-5412-49F6-AA85-9D0518876276}"
EndProject
Global
	GlobalSection(SolutionConfigurationPlatforms) = preSolution
		Debug|Any CPU = Debug|Any CPU
		Release|Any CPU = Release|Any CPU
	EndGlobalSection
	GlobalSection(ProjectConfigurationPlatforms) = postSolution
		{6B09DFFE-5412-49F6-AA85-9D0518876276}.Debug|Any CPU.ActiveCfg = Debug|Any CPU
		{6B09DFFE-5412-49F6-AA85-9D0518876276}.Debug|Any CPU.Build.0 = Debug|Any CPU
		{6B09DFFE-5412-49F6-AA85-9D0518876276}.Release|Any CPU.ActiveCfg = Release|Any CPU
		{6B09DFFE-5412-49F6-AA85-9D0518876276}.Release|Any CPU.Build.0 = Release|Any CPU
	EndGlobalSection
	GlobalSection(SolutionProperties) = preSolution
		HideSolutionNode = FALSE
	EndGlobalSection
	GlobalSection(ExtensibilityGlobals) = postSolution
		SolutionGuid = {2A2642AA-71BA-4A61-8AE5-00F6F6D7BFA3}
	EndGlobalSection
EndGlobal
